
Microsoft Visual Studio Solution File, Format Version 12.00
# Visual Studio Version 17
VisualStudioVersion = 17.0.31903.59
MinimumVisualStudioVersion = 10.0.40219.1
Project("{FAE04EC0-301F-11D3-BF4B-00C04F79EFBC}") = "autobid.Desktop", "autobid.Desktop\autobid.Desktop.csproj", "{4496FE6F-28BD-4D5E-97B8-0994D9B4C551}"
EndProject
Project("{FAE04EC0-301F-11D3-BF4B-00C04F79EFBC}") = "autobid.Domain", "autobid.Domain\autobid.Domain.csproj", "{88959ADE-2FA2-48C7-97D9-BA079F408B06}"
EndProject
Project("{FAE04EC0-301F-11D3-BF4B-00C04F79EFBC}") = "autobid.ReactiveUI", "autobid.ReactiveUI\autobid.ReactiveUI.csproj", "{0733EA9C-AFC4-4230-BACE-262E4F9BBA86}"
EndProject
Global
	GlobalSection(SolutionConfigurationPlatforms) = preSolution
		Debug|Any CPU = Debug|Any CPU
		Debug|x64 = Debug|x64
		Debug|x86 = Debug|x86
		Release|Any CPU = Release|Any CPU
		Release|x64 = Release|x64
		Release|x86 = Release|x86
	EndGlobalSection
	GlobalSection(ProjectConfigurationPlatforms) = postSolution
		{4496FE6F-28BD-4D5E-97B8-0994D9B4C551}.Debug|Any CPU.ActiveCfg = Debug|Any CPU
		{4496FE6F-28BD-4D5E-97B8-0994D9B4C551}.Debug|Any CPU.Build.0 = Debug|Any CPU
		{4496FE6F-28BD-4D5E-97B8-0994D9B4C551}.Debug|x64.ActiveCfg = Debug|Any CPU
		{4496FE6F-28BD-4D5E-97B8-0994D9B4C551}.Debug|x64.Build.0 = Debug|Any CPU
		{4496FE6F-28BD-4D5E-97B8-0994D9B4C551}.Debug|x86.ActiveCfg = Debug|Any CPU
		{4496FE6F-28BD-4D5E-97B8-0994D9B4C551}.Debug|x86.Build.0 = Debug|Any CPU
		{4496FE6F-28BD-4D5E-97B8-0994D9B4C551}.Release|Any CPU.ActiveCfg = Release|Any CPU
		{4496FE6F-28BD-4D5E-97B8-0994D9B4C551}.Release|Any CPU.Build.0 = Release|Any CPU
		{4496FE6F-28BD-4D5E-97B8-0994D9B4C551}.Release|x64.ActiveCfg = Release|Any CPU
		{4496FE6F-28BD-4D5E-97B8-0994D9B4C551}.Release|x64.Build.0 = Release|Any CPU
		{4496FE6F-28BD-4D5E-97B8-0994D9B4C551}.Release|x86.ActiveCfg = Release|Any CPU
		{4496FE6F-28BD-4D5E-97B8-0994D9B4C551}.Release|x86.Build.0 = Release|Any CPU
		{88959ADE-2FA2-48C7-97D9-BA079F408B06}.Debug|Any CPU.ActiveCfg = Debug|Any CPU
		{88959ADE-2FA2-48C7-97D9-BA079F408B06}.Debug|Any CPU.Build.0 = Debug|Any CPU
		{88959ADE-2FA2-48C7-97D9-BA079F408B06}.Debug|x64.ActiveCfg = Debug|Any CPU
		{88959ADE-2FA2-48C7-97D9-BA079F408B06}.Debug|x64.Build.0 = Debug|Any CPU
		{88959ADE-2FA2-48C7-97D9-BA079F408B06}.Debug|x86.ActiveCfg = Debug|Any CPU
		{88959ADE-2FA2-48C7-97D9-BA079F408B06}.Debug|x86.Build.0 = Debug|Any CPU
		{88959ADE-2FA2-48C7-97D9-BA079F408B06}.Release|Any CPU.ActiveCfg = Release|Any CPU
		{88959ADE-2FA2-48C7-97D9-BA079F408B06}.Release|Any CPU.Build.0 = Release|Any CPU
		{88959ADE-2FA2-48C7-97D9-BA079F408B06}.Release|x64.ActiveCfg = Release|Any CPU
		{88959ADE-2FA2-48C7-97D9-BA079F408B06}.Release|x64.Build.0 = Release|Any CPU
		{88959ADE-2FA2-48C7-97D9-BA079F408B06}.Release|x86.ActiveCfg = Release|Any CPU
		{88959ADE-2FA2-48C7-97D9-BA079F408B06}.Release|x86.Build.0 = Release|Any CPU
		{0733EA9C-AFC4-4230-BACE-262E4F9BBA86}.Debug|Any CPU.ActiveCfg = Debug|Any CPU
		{0733EA9C-AFC4-4230-BACE-262E4F9BBA86}.Debug|Any CPU.Build.0 = Debug|Any CPU
		{0733EA9C-AFC4-4230-BACE-262E4F9BBA86}.Debug|x64.ActiveCfg = Debug|Any CPU
		{0733EA9C-AFC4-4230-BACE-262E4F9BBA86}.Debug|x64.Build.0 = Debug|Any CPU
		{0733EA9C-AFC4-4230-BACE-262E4F9BBA86}.Debug|x86.ActiveCfg = Debug|Any CPU
		{0733EA9C-AFC4-4230-BACE-262E4F9BBA86}.Debug|x86.Build.0 = Debug|Any CPU
		{0733EA9C-AFC4-4230-BACE-262E4F9BBA86}.Release|Any CPU.ActiveCfg = Release|Any CPU
		{0733EA9C-AFC4-4230-BACE-262E4F9BBA86}.Release|Any CPU.Build.0 = Release|Any CPU
		{0733EA9C-AFC4-4230-BACE-262E4F9BBA86}.Release|x64.ActiveCfg = Release|Any CPU
		{0733EA9C-AFC4-4230-BACE-262E4F9BBA86}.Release|x64.Build.0 = Release|Any CPU
		{0733EA9C-AFC4-4230-BACE-262E4F9BBA86}.Release|x86.ActiveCfg = Release|Any CPU
		{0733EA9C-AFC4-4230-BACE-262E4F9BBA86}.Release|x86.Build.0 = Release|Any CPU
	EndGlobalSection
	GlobalSection(SolutionProperties) = preSolution
		HideSolutionNode = FALSE
	EndGlobalSection
	GlobalSection(ExtensibilityGlobals) = postSolution
		SolutionGuid = {E65CBBC2-2E39-4EDE-A1C9-6E23CD47CD99}
	EndGlobalSection
EndGlobal
